
Microsoft Visual Studio Solution File, Format Version 12.00
# Visual Studio Version 17
VisualStudioVersion = 17.4.33205.214
MinimumVisualStudioVersion = 10.0.40219.1
Project("{FAE04EC0-301F-11D3-BF4B-00C04F79EFBC}") = "ClipboardTextTyper", "ClipboardTextTyper\ClipboardTextTyper.csproj", "{E3232F8F-4DC0-4256-8717-0BF02ED5A669}"
EndProject
Global
	GlobalSection(SolutionConfigurationPlatforms) = preSolution
		Debug|Any CPU = Debug|Any CPU
		Release|Any CPU = Release|Any CPU
	EndGlobalSection
	GlobalSection(ProjectConfigurationPlatforms) = postSolution
		{E3232F8F-4DC0-4256-8717-0BF02ED5A669}.Debug|Any CPU.ActiveCfg = Debug|Any CPU
		{E3232F8F-4DC0-4256-8717-0BF02ED5A669}.Debug|Any CPU.Build.0 = Debug|Any CPU
		{E3232F8F-4DC0-4256-8717-0BF02ED5A669}.Release|Any CPU.ActiveCfg = Release|Any CPU
		{E3232F8F-4DC0-4256-8717-0BF02ED5A669}.Release|Any CPU.Build.0 = Release|Any CPU
	EndGlobalSection
	GlobalSection(SolutionProperties) = preSolution
		HideSolutionNode = FALSE
	EndGlobalSection
	GlobalSection(ExtensibilityGlobals) = postSolution
		SolutionGuid = {FD668F83-5721-4267-ACC0-3925D6A8A464}
	EndGlobalSection
EndGlobal
